{
  "version": 4,
  "terraform_version": "1.3.3",
  "serial": 2740,
  "lineage": "5e037002-cdd1-adec-27e3-162c1ff0ca04",
  "outputs": {
    "external_ip_address_revers": {
      "value": "51.250.71.118",
      "type": "string"
    },
    "internal_ip_address_app": {
      "value": "192.168.101.14",
      "type": "string"
    },
    "internal_ip_address_db01": {
      "value": "192.168.101.12",
      "type": "string"
    },
    "internal_ip_address_db02": {
      "value": "192.168.101.13",
      "type": "string"
    },
    "internal_ip_address_gitlab": {
      "value": "192.168.101.15",
      "type": "string"
    },
    "internal_ip_address_monitoring": {
      "value": "192.168.101.17",
      "type": "string"
    },
    "internal_ip_address_revers": {
      "value": "192.168.101.11",
      "type": "string"
    },
    "internal_ip_address_runner": {
      "value": "192.168.101.16",
      "type": "string"
    }
  },
  "resources": [
    {
      "mode": "managed",
      "type": "local_file",
      "name": "inventory",
      "provider": "provider[\"registry.terraform.io/hashicorp/local\"]",
      "instances": [
        {
          "schema_version": 0,
          "attributes": {
            "content": "    # Ansible inventory containing variable values from Terraform.\n    # Generated by Terraform.\n   \nrevers ansible_host=51.250.71.118 ansible_ssh_extra_args='-o StrictHostKeyChecking=no' ansible_ssh_user=ubuntu ansible_ssh_private_key_file=~/.ssh/id_rsa\ndb01 ansible_host=192.168.101.12 ansible_ssh_extra_args='-o StrictHostKeyChecking=no' ansible_ssh_user=ubuntu ansible_ssh_private_key_file=~/.ssh/id_rsa ansible_ssh_common_args='-o ProxyCommand=\"ssh -W %h:%p -i ~/.ssh/id_rsa -o StrictHostKeyChecking=no -q ubuntu@51.250.71.118\"'\ndb02 ansible_host=192.168.101.13 ansible_ssh_extra_args='-o StrictHostKeyChecking=no' ansible_ssh_user=ubuntu ansible_ssh_private_key_file=~/.ssh/id_rsa ansible_ssh_common_args='-o ProxyCommand=\"ssh -W %h:%p -i ~/.ssh/id_rsa -o StrictHostKeyChecking=no -q ubuntu@51.250.71.118\"'\napp ansible_host=192.168.101.14 ansible_ssh_extra_args='-o StrictHostKeyChecking=no' ansible_ssh_user=ubuntu ansible_ssh_private_key_file=~/.ssh/id_rsa ansible_ssh_common_args='-o ProxyCommand=\"ssh -W %h:%p -i ~/.ssh/id_rsa -o StrictHostKeyChecking=no -q ubuntu@51.250.71.118\"'\ngitlab ansible_host=192.168.101.15 ansible_ssh_extra_args='-o StrictHostKeyChecking=no' ansible_ssh_user=ubuntu ansible_ssh_private_key_file=~/.ssh/id_rsa ansible_ssh_common_args='-o ProxyCommand=\"ssh -W %h:%p -i ~/.ssh/id_rsa -o StrictHostKeyChecking=no -q ubuntu@51.250.71.118\"'\nrunner ansible_host=192.168.101.16 ansible_ssh_extra_args='-o StrictHostKeyChecking=no' ansible_ssh_user=ubuntu ansible_ssh_private_key_file=~/.ssh/id_rsa ansible_ssh_common_args='-o ProxyCommand=\"ssh -W %h:%p -i ~/.ssh/id_rsa -o StrictHostKeyChecking=no -q ubuntu@51.250.71.118\"'\nmonitoring ansible_host=192.168.101.17 ansible_ssh_extra_args='-o StrictHostKeyChecking=no' ansible_ssh_user=ubuntu ansible_ssh_private_key_file=~/.ssh/id_rsa ansible_ssh_common_args='-o ProxyCommand=\"ssh -W %h:%p -i ~/.ssh/id_rsa -o StrictHostKeyChecking=no -q ubuntu@51.250.71.118\"'\n    \n",
            "content_base64": null,
            "directory_permission": "0777",
            "file_permission": "0777",
            "filename": "../ansible/inventory",
            "id": "bfa0ea0233b16af3ec8e18f4d1f8cb04b0d0f3ce",
            "sensitive_content": null,
            "source": null
          },
          "sensitive_attributes": [],
          "private": "bnVsbA==",
          "dependencies": [
            "yandex_compute_instance.app",
            "yandex_compute_instance.db01",
            "yandex_compute_instance.db02",
            "yandex_compute_instance.gitlab",
            "yandex_compute_instance.monitoring",
            "yandex_compute_instance.revers",
            "yandex_compute_instance.runner",
            "yandex_vpc_network.diplom_net",
            "yandex_vpc_route_table.rt",
            "yandex_vpc_subnet.diplom_subnet"
          ]
        }
      ]
    },
    {
      "mode": "managed",
      "type": "null_resource",
      "name": "revers",
      "provider": "provider[\"registry.terraform.io/hashicorp/null\"]",
      "instances": [
        {
          "schema_version": 0,
          "attributes": {
            "id": "1745757919930548759",
            "triggers": null
          },
          "sensitive_attributes": [],
          "private": "bnVsbA==",
          "dependencies": [
            "local_file.inventory",
            "null_resource.wait",
            "yandex_compute_instance.app",
            "yandex_compute_instance.db01",
            "yandex_compute_instance.db02",
            "yandex_compute_instance.gitlab",
            "yandex_compute_instance.monitoring",
            "yandex_compute_instance.revers",
            "yandex_compute_instance.runner",
            "yandex_vpc_network.diplom_net",
            "yandex_vpc_route_table.rt",
            "yandex_vpc_subnet.diplom_subnet"
          ]
        }
      ]
    },
    {
      "mode": "managed",
      "type": "null_resource",
      "name": "wait",
      "provider": "provider[\"registry.terraform.io/hashicorp/null\"]",
      "instances": [
        {
          "schema_version": 0,
          "attributes": {
            "id": "6828766484296899557",
            "triggers": null
          },
          "sensitive_attributes": [],
          "private": "bnVsbA==",
          "dependencies": [
            "local_file.inventory",
            "yandex_compute_instance.app",
            "yandex_compute_instance.db01",
            "yandex_compute_instance.db02",
            "yandex_compute_instance.gitlab",
            "yandex_compute_instance.monitoring",
            "yandex_compute_instance.revers",
            "yandex_compute_instance.runner",
            "yandex_vpc_network.diplom_net",
            "yandex_vpc_route_table.rt",
            "yandex_vpc_subnet.diplom_subnet"
          ]
        }
      ]
    },
    {
      "mode": "managed",
      "type": "yandex_compute_instance",
      "name": "app",
      "provider": "provider[\"registry.terraform.io/yandex-cloud/yandex\"]",
      "instances": [
        {
          "schema_version": 1,
          "attributes": {
            "allow_recreate": null,
            "allow_stopping_for_update": true,
            "boot_disk": [
              {
                "auto_delete": true,
                "device_name": "fhmtrovkr1refk0tclu6",
                "disk_id": "fhmtrovkr1refk0tclu6",
                "initialize_params": [
                  {
                    "block_size": 4096,
                    "description": "",
                    "image_id": "fd8kdq6d0p8sij7h5qe3",
                    "name": "",
                    "size": 10,
                    "snapshot_id": "",
                    "type": "network-hdd"
                  }
                ],
                "mode": "READ_WRITE"
              }
            ],
            "created_at": "2022-10-24T17:00:32Z",
            "description": "",
            "folder_id": "b1gf26b7li9k3rqpgasq",
            "fqdn": "app.piataev.ru",
            "hostname": "app.piataev.ru",
            "id": "fhm0iqi3pf1hr6gm0f8r",
            "labels": null,
            "local_disk": [],
            "metadata": {
              "ssh-keys": "ubuntu:ssh-rsa AAAAB3NzaC1yc2EAAAADAQABAAABgQDCevTEjHQuuMde5JmVBFV0FyjPD+Md81gOXj2Z+doIci9q8FipGA0iT7TrOXpmsh8R6pO70lCTuYderg5esn1V1yQDHSMQFPnDiwCTrjRbfbg1YwVMYYbPcSHKpfxTc6Y7fO0AuTe9CrssMAEAObP0V8O0zltlQyNAXOuf1fMrz4leld/5RRK78N4AVO/t5vOnV8A6RPv6baivM32opCb46locdN0n/xvmK4PmqUPWzZgpWW+nE0bcKyfwEV8IMqAVDdPEnFGeZazV6Jfc1hCRdrWUxPBXWQvEXB6QpBp1Dst6VrVfP6Ce7BgunJMcpUYLjaQFdeSBYGKDteSQiih/iKCQOlQzP5eebIergMZe3BSqO38BqjTHyQ8OR44Wsppr/qOUSkFu8aiCDiGoOgONu+h3Wdxy/+EgvLuiijIryBvovl8ScQGz85QvgR2o0KAoZFMKa7isGuXgbNveDLWfK+1sXvctemkRNVQUuyqet4n43k7nM2qcevX65TdkHQE= root@vir-PC\n"
            },
            "name": "app",
            "network_acceleration_type": "standard",
            "network_interface": [
              {
                "dns_record": [],
                "index": 0,
                "ip_address": "192.168.101.14",
                "ipv4": true,
                "ipv6": false,
                "ipv6_address": "",
                "ipv6_dns_record": [],
                "mac_address": "d0:0d:96:a4:3c:bc",
                "nat": false,
                "nat_dns_record": [],
                "nat_ip_address": "",
                "nat_ip_version": "",
                "security_group_ids": [],
                "subnet_id": "e9bogass3tmfiftd87m6"
              }
            ],
            "placement_policy": [
              {
                "host_affinity_rules": [],
                "placement_group_id": ""
              }
            ],
            "platform_id": "standard-v1",
            "resources": [
              {
                "core_fraction": 100,
                "cores": 4,
                "gpus": 0,
                "memory": 4
              }
            ],
            "scheduling_policy": [
              {
                "preemptible": false
              }
            ],
            "secondary_disk": [],
            "service_account_id": "",
            "status": "running",
            "timeouts": null,
            "zone": "ru-central1-a"
          },
          "sensitive_attributes": [],
          "private": "eyJlMmJmYjczMC1lY2FhLTExZTYtOGY4OC0zNDM2M2JjN2M0YzAiOnsiY3JlYXRlIjozMDAwMDAwMDAwMDAsImRlbGV0ZSI6MzAwMDAwMDAwMDAwLCJ1cGRhdGUiOjMwMDAwMDAwMDAwMH0sInNjaGVtYV92ZXJzaW9uIjoiMSJ9",
          "dependencies": [
            "yandex_vpc_network.diplom_net",
            "yandex_vpc_route_table.rt",
            "yandex_vpc_subnet.diplom_subnet"
          ]
        }
      ]
    },
    {
      "mode": "managed",
      "type": "yandex_compute_instance",
      "name": "db01",
      "provider": "provider[\"registry.terraform.io/yandex-cloud/yandex\"]",
      "instances": [
        {
          "schema_version": 1,
          "attributes": {
            "allow_recreate": null,
            "allow_stopping_for_update": true,
            "boot_disk": [
              {
                "auto_delete": true,
                "device_name": "fhmnu4g9lebeohr5re0f",
                "disk_id": "fhmnu4g9lebeohr5re0f",
                "initialize_params": [
                  {
                    "block_size": 4096,
                    "description": "",
                    "image_id": "fd8kdq6d0p8sij7h5qe3",
                    "name": "",
                    "size": 10,
                    "snapshot_id": "",
                    "type": "network-hdd"
                  }
                ],
                "mode": "READ_WRITE"
              }
            ],
            "created_at": "2022-10-24T17:00:32Z",
            "description": "",
            "folder_id": "b1gf26b7li9k3rqpgasq",
            "fqdn": "db01.piataev.ru",
            "hostname": "db01.piataev.ru",
            "id": "fhmr2ii0iu3tftpko270",
            "labels": null,
            "local_disk": [],
            "metadata": {
              "ssh-keys": "ubuntu:ssh-rsa AAAAB3NzaC1yc2EAAAADAQABAAABgQDCevTEjHQuuMde5JmVBFV0FyjPD+Md81gOXj2Z+doIci9q8FipGA0iT7TrOXpmsh8R6pO70lCTuYderg5esn1V1yQDHSMQFPnDiwCTrjRbfbg1YwVMYYbPcSHKpfxTc6Y7fO0AuTe9CrssMAEAObP0V8O0zltlQyNAXOuf1fMrz4leld/5RRK78N4AVO/t5vOnV8A6RPv6baivM32opCb46locdN0n/xvmK4PmqUPWzZgpWW+nE0bcKyfwEV8IMqAVDdPEnFGeZazV6Jfc1hCRdrWUxPBXWQvEXB6QpBp1Dst6VrVfP6Ce7BgunJMcpUYLjaQFdeSBYGKDteSQiih/iKCQOlQzP5eebIergMZe3BSqO38BqjTHyQ8OR44Wsppr/qOUSkFu8aiCDiGoOgONu+h3Wdxy/+EgvLuiijIryBvovl8ScQGz85QvgR2o0KAoZFMKa7isGuXgbNveDLWfK+1sXvctemkRNVQUuyqet4n43k7nM2qcevX65TdkHQE= root@vir-PC\n"
            },
            "name": "db01",
            "network_acceleration_type": "standard",
            "network_interface": [
              {
                "dns_record": [],
                "index": 0,
                "ip_address": "192.168.101.12",
                "ipv4": true,
                "ipv6": false,
                "ipv6_address": "",
                "ipv6_dns_record": [],
                "mac_address": "d0:0d:1b:14:a4:09",
                "nat": false,
                "nat_dns_record": [],
                "nat_ip_address": "",
                "nat_ip_version": "",
                "security_group_ids": [],
                "subnet_id": "e9bogass3tmfiftd87m6"
              }
            ],
            "placement_policy": [
              {
                "host_affinity_rules": [],
                "placement_group_id": ""
              }
            ],
            "platform_id": "standard-v1",
            "resources": [
              {
                "core_fraction": 100,
                "cores": 4,
                "gpus": 0,
                "memory": 4
              }
            ],
            "scheduling_policy": [
              {
                "preemptible": false
              }
            ],
            "secondary_disk": [],
            "service_account_id": "",
            "status": "running",
            "timeouts": null,
            "zone": "ru-central1-a"
          },
          "sensitive_attributes": [],
          "private": "eyJlMmJmYjczMC1lY2FhLTExZTYtOGY4OC0zNDM2M2JjN2M0YzAiOnsiY3JlYXRlIjozMDAwMDAwMDAwMDAsImRlbGV0ZSI6MzAwMDAwMDAwMDAwLCJ1cGRhdGUiOjMwMDAwMDAwMDAwMH0sInNjaGVtYV92ZXJzaW9uIjoiMSJ9",
          "dependencies": [
            "yandex_vpc_network.diplom_net",
            "yandex_vpc_route_table.rt",
            "yandex_vpc_subnet.diplom_subnet"
          ]
        }
      ]
    },
    {
      "mode": "managed",
      "type": "yandex_compute_instance",
      "name": "db02",
      "provider": "provider[\"registry.terraform.io/yandex-cloud/yandex\"]",
      "instances": [
        {
          "schema_version": 1,
          "attributes": {
            "allow_recreate": null,
            "allow_stopping_for_update": true,
            "boot_disk": [
              {
                "auto_delete": true,
                "device_name": "fhmbpj155eo0dqhgvh1n",
                "disk_id": "fhmbpj155eo0dqhgvh1n",
                "initialize_params": [
                  {
                    "block_size": 4096,
                    "description": "",
                    "image_id": "fd8kdq6d0p8sij7h5qe3",
                    "name": "",
                    "size": 10,
                    "snapshot_id": "",
                    "type": "network-hdd"
                  }
                ],
                "mode": "READ_WRITE"
              }
            ],
            "created_at": "2022-10-24T17:00:32Z",
            "description": "",
            "folder_id": "b1gf26b7li9k3rqpgasq",
            "fqdn": "db02.piataev.ru",
            "hostname": "db02.piataev.ru",
            "id": "fhm62cn6susncd5a9c9r",
            "labels": null,
            "local_disk": [],
            "metadata": {
              "ssh-keys": "ubuntu:ssh-rsa AAAAB3NzaC1yc2EAAAADAQABAAABgQDCevTEjHQuuMde5JmVBFV0FyjPD+Md81gOXj2Z+doIci9q8FipGA0iT7TrOXpmsh8R6pO70lCTuYderg5esn1V1yQDHSMQFPnDiwCTrjRbfbg1YwVMYYbPcSHKpfxTc6Y7fO0AuTe9CrssMAEAObP0V8O0zltlQyNAXOuf1fMrz4leld/5RRK78N4AVO/t5vOnV8A6RPv6baivM32opCb46locdN0n/xvmK4PmqUPWzZgpWW+nE0bcKyfwEV8IMqAVDdPEnFGeZazV6Jfc1hCRdrWUxPBXWQvEXB6QpBp1Dst6VrVfP6Ce7BgunJMcpUYLjaQFdeSBYGKDteSQiih/iKCQOlQzP5eebIergMZe3BSqO38BqjTHyQ8OR44Wsppr/qOUSkFu8aiCDiGoOgONu+h3Wdxy/+EgvLuiijIryBvovl8ScQGz85QvgR2o0KAoZFMKa7isGuXgbNveDLWfK+1sXvctemkRNVQUuyqet4n43k7nM2qcevX65TdkHQE= root@vir-PC\n"
            },
            "name": "db02",
            "network_acceleration_type": "standard",
            "network_interface": [
              {
                "dns_record": [],
                "index": 0,
                "ip_address": "192.168.101.13",
                "ipv4": true,
                "ipv6": false,
                "ipv6_address": "",
                "ipv6_dns_record": [],
                "mac_address": "d0:0d:61:32:e6:e7",
                "nat": false,
                "nat_dns_record": [],
                "nat_ip_address": "",
                "nat_ip_version": "",
                "security_group_ids": [],
                "subnet_id": "e9bogass3tmfiftd87m6"
              }
            ],
            "placement_policy": [
              {
                "host_affinity_rules": [],
                "placement_group_id": ""
              }
            ],
            "platform_id": "standard-v1",
            "resources": [
              {
                "core_fraction": 100,
                "cores": 4,
                "gpus": 0,
                "memory": 4
              }
            ],
            "scheduling_policy": [
              {
                "preemptible": false
              }
            ],
            "secondary_disk": [],
            "service_account_id": "",
            "status": "running",
            "timeouts": null,
            "zone": "ru-central1-a"
          },
          "sensitive_attributes": [],
          "private": "eyJlMmJmYjczMC1lY2FhLTExZTYtOGY4OC0zNDM2M2JjN2M0YzAiOnsiY3JlYXRlIjozMDAwMDAwMDAwMDAsImRlbGV0ZSI6MzAwMDAwMDAwMDAwLCJ1cGRhdGUiOjMwMDAwMDAwMDAwMH0sInNjaGVtYV92ZXJzaW9uIjoiMSJ9",
          "dependencies": [
            "yandex_vpc_network.diplom_net",
            "yandex_vpc_route_table.rt",
            "yandex_vpc_subnet.diplom_subnet"
          ]
        }
      ]
    },
    {
      "mode": "managed",
      "type": "yandex_compute_instance",
      "name": "gitlab",
      "provider": "provider[\"registry.terraform.io/yandex-cloud/yandex\"]",
      "instances": [
        {
          "schema_version": 1,
          "attributes": {
            "allow_recreate": null,
            "allow_stopping_for_update": true,
            "boot_disk": [
              {
                "auto_delete": true,
                "device_name": "fhms7rnmkj1sfv6mdt4p",
                "disk_id": "fhms7rnmkj1sfv6mdt4p",
                "initialize_params": [
                  {
                    "block_size": 4096,
                    "description": "",
                    "image_id": "fd8kdq6d0p8sij7h5qe3",
                    "name": "",
                    "size": 10,
                    "snapshot_id": "",
                    "type": "network-hdd"
                  }
                ],
                "mode": "READ_WRITE"
              }
            ],
            "created_at": "2022-10-24T17:00:32Z",
            "description": "",
            "folder_id": "b1gf26b7li9k3rqpgasq",
            "fqdn": "gitlab.piataev.ru",
            "hostname": "gitlab.piataev.ru",
            "id": "fhmrkp13gufntk6o7vki",
            "labels": null,
            "local_disk": [],
            "metadata": {
              "ssh-keys": "ubuntu:ssh-rsa AAAAB3NzaC1yc2EAAAADAQABAAABgQDCevTEjHQuuMde5JmVBFV0FyjPD+Md81gOXj2Z+doIci9q8FipGA0iT7TrOXpmsh8R6pO70lCTuYderg5esn1V1yQDHSMQFPnDiwCTrjRbfbg1YwVMYYbPcSHKpfxTc6Y7fO0AuTe9CrssMAEAObP0V8O0zltlQyNAXOuf1fMrz4leld/5RRK78N4AVO/t5vOnV8A6RPv6baivM32opCb46locdN0n/xvmK4PmqUPWzZgpWW+nE0bcKyfwEV8IMqAVDdPEnFGeZazV6Jfc1hCRdrWUxPBXWQvEXB6QpBp1Dst6VrVfP6Ce7BgunJMcpUYLjaQFdeSBYGKDteSQiih/iKCQOlQzP5eebIergMZe3BSqO38BqjTHyQ8OR44Wsppr/qOUSkFu8aiCDiGoOgONu+h3Wdxy/+EgvLuiijIryBvovl8ScQGz85QvgR2o0KAoZFMKa7isGuXgbNveDLWfK+1sXvctemkRNVQUuyqet4n43k7nM2qcevX65TdkHQE= root@vir-PC\n"
            },
            "name": "gitlab",
            "network_acceleration_type": "standard",
            "network_interface": [
              {
                "dns_record": [],
                "index": 0,
                "ip_address": "192.168.101.15",
                "ipv4": true,
                "ipv6": false,
                "ipv6_address": "",
                "ipv6_dns_record": [],
                "mac_address": "d0:0d:1b:a6:42:38",
                "nat": false,
                "nat_dns_record": [],
                "nat_ip_address": "",
                "nat_ip_version": "",
                "security_group_ids": [],
                "subnet_id": "e9bogass3tmfiftd87m6"
              }
            ],
            "placement_policy": [
              {
                "host_affinity_rules": [],
                "placement_group_id": ""
              }
            ],
            "platform_id": "standard-v1",
            "resources": [
              {
                "core_fraction": 100,
                "cores": 4,
                "gpus": 0,
                "memory": 4
              }
            ],
            "scheduling_policy": [
              {
                "preemptible": false
              }
            ],
            "secondary_disk": [],
            "service_account_id": "",
            "status": "running",
            "timeouts": null,
            "zone": "ru-central1-a"
          },
          "sensitive_attributes": [],
          "private": "eyJlMmJmYjczMC1lY2FhLTExZTYtOGY4OC0zNDM2M2JjN2M0YzAiOnsiY3JlYXRlIjozMDAwMDAwMDAwMDAsImRlbGV0ZSI6MzAwMDAwMDAwMDAwLCJ1cGRhdGUiOjMwMDAwMDAwMDAwMH0sInNjaGVtYV92ZXJzaW9uIjoiMSJ9",
          "dependencies": [
            "yandex_vpc_network.diplom_net",
            "yandex_vpc_route_table.rt",
            "yandex_vpc_subnet.diplom_subnet"
          ]
        }
      ]
    },
    {
      "mode": "managed",
      "type": "yandex_compute_instance",
      "name": "monitoring",
      "provider": "provider[\"registry.terraform.io/yandex-cloud/yandex\"]",
      "instances": [
        {
          "schema_version": 1,
          "attributes": {
            "allow_recreate": null,
            "allow_stopping_for_update": true,
            "boot_disk": [
              {
                "auto_delete": true,
                "device_name": "fhmqanlvc4fs4cfapdt7",
                "disk_id": "fhmqanlvc4fs4cfapdt7",
                "initialize_params": [
                  {
                    "block_size": 4096,
                    "description": "",
                    "image_id": "fd8kdq6d0p8sij7h5qe3",
                    "name": "",
                    "size": 10,
                    "snapshot_id": "",
                    "type": "network-hdd"
                  }
                ],
                "mode": "READ_WRITE"
              }
            ],
            "created_at": "2022-10-24T17:00:32Z",
            "description": "",
            "folder_id": "b1gf26b7li9k3rqpgasq",
            "fqdn": "monitoring.piataev.ru",
            "hostname": "monitoring.piataev.ru",
            "id": "fhmen0lrl759iodi6jq2",
            "labels": null,
            "local_disk": [],
            "metadata": {
              "ssh-keys": "ubuntu:ssh-rsa AAAAB3NzaC1yc2EAAAADAQABAAABgQDCevTEjHQuuMde5JmVBFV0FyjPD+Md81gOXj2Z+doIci9q8FipGA0iT7TrOXpmsh8R6pO70lCTuYderg5esn1V1yQDHSMQFPnDiwCTrjRbfbg1YwVMYYbPcSHKpfxTc6Y7fO0AuTe9CrssMAEAObP0V8O0zltlQyNAXOuf1fMrz4leld/5RRK78N4AVO/t5vOnV8A6RPv6baivM32opCb46locdN0n/xvmK4PmqUPWzZgpWW+nE0bcKyfwEV8IMqAVDdPEnFGeZazV6Jfc1hCRdrWUxPBXWQvEXB6QpBp1Dst6VrVfP6Ce7BgunJMcpUYLjaQFdeSBYGKDteSQiih/iKCQOlQzP5eebIergMZe3BSqO38BqjTHyQ8OR44Wsppr/qOUSkFu8aiCDiGoOgONu+h3Wdxy/+EgvLuiijIryBvovl8ScQGz85QvgR2o0KAoZFMKa7isGuXgbNveDLWfK+1sXvctemkRNVQUuyqet4n43k7nM2qcevX65TdkHQE= root@vir-PC\n"
            },
            "name": "monitoring",
            "network_acceleration_type": "standard",
            "network_interface": [
              {
                "dns_record": [],
                "index": 0,
                "ip_address": "192.168.101.17",
                "ipv4": true,
                "ipv6": false,
                "ipv6_address": "",
                "ipv6_dns_record": [],
                "mac_address": "d0:0d:eb:82:bb:a9",
                "nat": false,
                "nat_dns_record": [],
                "nat_ip_address": "",
                "nat_ip_version": "",
                "security_group_ids": [],
                "subnet_id": "e9bogass3tmfiftd87m6"
              }
            ],
            "placement_policy": [
              {
                "host_affinity_rules": [],
                "placement_group_id": ""
              }
            ],
            "platform_id": "standard-v1",
            "resources": [
              {
                "core_fraction": 100,
                "cores": 4,
                "gpus": 0,
                "memory": 4
              }
            ],
            "scheduling_policy": [
              {
                "preemptible": false
              }
            ],
            "secondary_disk": [],
            "service_account_id": "",
            "status": "running",
            "timeouts": null,
            "zone": "ru-central1-a"
          },
          "sensitive_attributes": [],
          "private": "eyJlMmJmYjczMC1lY2FhLTExZTYtOGY4OC0zNDM2M2JjN2M0YzAiOnsiY3JlYXRlIjozMDAwMDAwMDAwMDAsImRlbGV0ZSI6MzAwMDAwMDAwMDAwLCJ1cGRhdGUiOjMwMDAwMDAwMDAwMH0sInNjaGVtYV92ZXJzaW9uIjoiMSJ9",
          "dependencies": [
            "yandex_vpc_network.diplom_net",
            "yandex_vpc_route_table.rt",
            "yandex_vpc_subnet.diplom_subnet"
          ]
        }
      ]
    },
    {
      "mode": "managed",
      "type": "yandex_compute_instance",
      "name": "revers",
      "provider": "provider[\"registry.terraform.io/yandex-cloud/yandex\"]",
      "instances": [
        {
          "schema_version": 1,
          "attributes": {
            "allow_recreate": null,
            "allow_stopping_for_update": true,
            "boot_disk": [
              {
                "auto_delete": true,
                "device_name": "fhmhc4d40je51ukoghi3",
                "disk_id": "fhmhc4d40je51ukoghi3",
                "initialize_params": [
                  {
                    "block_size": 4096,
                    "description": "",
                    "image_id": "fd8kdq6d0p8sij7h5qe3",
                    "name": "",
                    "size": 10,
                    "snapshot_id": "",
                    "type": "network-hdd"
                  }
                ],
                "mode": "READ_WRITE"
              }
            ],
            "created_at": "2022-10-24T17:00:34Z",
            "description": "",
            "folder_id": "b1gf26b7li9k3rqpgasq",
            "fqdn": "piataev.ru",
            "hostname": "piataev.ru",
            "id": "fhmgcmo4in24kme07knf",
            "labels": null,
            "local_disk": [],
            "metadata": {
              "ssh-keys": "ubuntu:ssh-rsa AAAAB3NzaC1yc2EAAAADAQABAAABgQDCevTEjHQuuMde5JmVBFV0FyjPD+Md81gOXj2Z+doIci9q8FipGA0iT7TrOXpmsh8R6pO70lCTuYderg5esn1V1yQDHSMQFPnDiwCTrjRbfbg1YwVMYYbPcSHKpfxTc6Y7fO0AuTe9CrssMAEAObP0V8O0zltlQyNAXOuf1fMrz4leld/5RRK78N4AVO/t5vOnV8A6RPv6baivM32opCb46locdN0n/xvmK4PmqUPWzZgpWW+nE0bcKyfwEV8IMqAVDdPEnFGeZazV6Jfc1hCRdrWUxPBXWQvEXB6QpBp1Dst6VrVfP6Ce7BgunJMcpUYLjaQFdeSBYGKDteSQiih/iKCQOlQzP5eebIergMZe3BSqO38BqjTHyQ8OR44Wsppr/qOUSkFu8aiCDiGoOgONu+h3Wdxy/+EgvLuiijIryBvovl8ScQGz85QvgR2o0KAoZFMKa7isGuXgbNveDLWfK+1sXvctemkRNVQUuyqet4n43k7nM2qcevX65TdkHQE= root@vir-PC\n"
            },
            "name": "revers",
            "network_acceleration_type": "standard",
            "network_interface": [
              {
                "dns_record": [],
                "index": 0,
                "ip_address": "192.168.101.11",
                "ipv4": true,
                "ipv6": false,
                "ipv6_address": "",
                "ipv6_dns_record": [],
                "mac_address": "d0:0d:10:65:b0:49",
                "nat": true,
                "nat_dns_record": [],
                "nat_ip_address": "51.250.71.118",
                "nat_ip_version": "IPV4",
                "security_group_ids": [],
                "subnet_id": "e9bogass3tmfiftd87m6"
              }
            ],
            "placement_policy": [
              {
                "host_affinity_rules": [],
                "placement_group_id": ""
              }
            ],
            "platform_id": "standard-v1",
            "resources": [
              {
                "core_fraction": 100,
                "cores": 2,
                "gpus": 0,
                "memory": 2
              }
            ],
            "scheduling_policy": [
              {
                "preemptible": false
              }
            ],
            "secondary_disk": [],
            "service_account_id": "",
            "status": "running",
            "timeouts": null,
            "zone": "ru-central1-a"
          },
          "sensitive_attributes": [],
          "private": "eyJlMmJmYjczMC1lY2FhLTExZTYtOGY4OC0zNDM2M2JjN2M0YzAiOnsiY3JlYXRlIjozMDAwMDAwMDAwMDAsImRlbGV0ZSI6MzAwMDAwMDAwMDAwLCJ1cGRhdGUiOjMwMDAwMDAwMDAwMH0sInNjaGVtYV92ZXJzaW9uIjoiMSJ9",
          "dependencies": [
            "yandex_vpc_network.diplom_net",
            "yandex_vpc_route_table.rt",
            "yandex_vpc_subnet.diplom_subnet"
          ]
        }
      ]
    },
    {
      "mode": "managed",
      "type": "yandex_compute_instance",
      "name": "runner",
      "provider": "provider[\"registry.terraform.io/yandex-cloud/yandex\"]",
      "instances": [
        {
          "schema_version": 1,
          "attributes": {
            "allow_recreate": null,
            "allow_stopping_for_update": true,
            "boot_disk": [
              {
                "auto_delete": true,
                "device_name": "fhm3d4l1njiic14u0sb0",
                "disk_id": "fhm3d4l1njiic14u0sb0",
                "initialize_params": [
                  {
                    "block_size": 4096,
                    "description": "",
                    "image_id": "fd8kdq6d0p8sij7h5qe3",
                    "name": "",
                    "size": 10,
                    "snapshot_id": "",
                    "type": "network-hdd"
                  }
                ],
                "mode": "READ_WRITE"
              }
            ],
            "created_at": "2022-10-24T17:00:32Z",
            "description": "",
            "folder_id": "b1gf26b7li9k3rqpgasq",
            "fqdn": "runner.piataev.ru",
            "hostname": "runner.piataev.ru",
            "id": "fhmj7q0d08foqqt9813p",
            "labels": null,
            "local_disk": [],
            "metadata": {
              "ssh-keys": "ubuntu:ssh-rsa AAAAB3NzaC1yc2EAAAADAQABAAABgQDCevTEjHQuuMde5JmVBFV0FyjPD+Md81gOXj2Z+doIci9q8FipGA0iT7TrOXpmsh8R6pO70lCTuYderg5esn1V1yQDHSMQFPnDiwCTrjRbfbg1YwVMYYbPcSHKpfxTc6Y7fO0AuTe9CrssMAEAObP0V8O0zltlQyNAXOuf1fMrz4leld/5RRK78N4AVO/t5vOnV8A6RPv6baivM32opCb46locdN0n/xvmK4PmqUPWzZgpWW+nE0bcKyfwEV8IMqAVDdPEnFGeZazV6Jfc1hCRdrWUxPBXWQvEXB6QpBp1Dst6VrVfP6Ce7BgunJMcpUYLjaQFdeSBYGKDteSQiih/iKCQOlQzP5eebIergMZe3BSqO38BqjTHyQ8OR44Wsppr/qOUSkFu8aiCDiGoOgONu+h3Wdxy/+EgvLuiijIryBvovl8ScQGz85QvgR2o0KAoZFMKa7isGuXgbNveDLWfK+1sXvctemkRNVQUuyqet4n43k7nM2qcevX65TdkHQE= root@vir-PC\n"
            },
            "name": "runner",
            "network_acceleration_type": "standard",
            "network_interface": [
              {
                "dns_record": [],
                "index": 0,
                "ip_address": "192.168.101.16",
                "ipv4": true,
                "ipv6": false,
                "ipv6_address": "",
                "ipv6_dns_record": [],
                "mac_address": "d0:0d:13:3e:80:d0",
                "nat": false,
                "nat_dns_record": [],
                "nat_ip_address": "",
                "nat_ip_version": "",
                "security_group_ids": [],
                "subnet_id": "e9bogass3tmfiftd87m6"
              }
            ],
            "placement_policy": [
              {
                "host_affinity_rules": [],
                "placement_group_id": ""
              }
            ],
            "platform_id": "standard-v1",
            "resources": [
              {
                "core_fraction": 100,
                "cores": 4,
                "gpus": 0,
                "memory": 4
              }
            ],
            "scheduling_policy": [
              {
                "preemptible": false
              }
            ],
            "secondary_disk": [],
            "service_account_id": "",
            "status": "running",
            "timeouts": null,
            "zone": "ru-central1-a"
          },
          "sensitive_attributes": [],
          "private": "eyJlMmJmYjczMC1lY2FhLTExZTYtOGY4OC0zNDM2M2JjN2M0YzAiOnsiY3JlYXRlIjozMDAwMDAwMDAwMDAsImRlbGV0ZSI6MzAwMDAwMDAwMDAwLCJ1cGRhdGUiOjMwMDAwMDAwMDAwMH0sInNjaGVtYV92ZXJzaW9uIjoiMSJ9",
          "dependencies": [
            "yandex_vpc_network.diplom_net",
            "yandex_vpc_route_table.rt",
            "yandex_vpc_subnet.diplom_subnet"
          ]
        }
      ]
    },
    {
      "mode": "managed",
      "type": "yandex_dns_recordset",
      "name": "alertmanager",
      "provider": "provider[\"registry.terraform.io/yandex-cloud/yandex\"]",
      "instances": [
        {
          "schema_version": 0,
          "attributes": {
            "data": [
              "51.250.71.118"
            ],
            "id": "dnsc7m9rq9o8fkntehad/alertmanager.piataev.ru./A",
            "name": "alertmanager.piataev.ru.",
            "timeouts": null,
            "ttl": 200,
            "type": "A",
            "zone_id": "dnsc7m9rq9o8fkntehad"
          },
          "sensitive_attributes": [],
          "private": "eyJlMmJmYjczMC1lY2FhLTExZTYtOGY4OC0zNDM2M2JjN2M0YzAiOnsiY3JlYXRlIjozMDAwMDAwMDAwMDAsImRlbGV0ZSI6MzAwMDAwMDAwMDAwLCJ1cGRhdGUiOjMwMDAwMDAwMDAwMH19",
          "dependencies": [
            "yandex_compute_instance.revers",
            "yandex_dns_zone.diplom",
            "yandex_vpc_network.diplom_net",
            "yandex_vpc_route_table.rt",
            "yandex_vpc_subnet.diplom_subnet"
          ]
        }
      ]
    },
    {
      "mode": "managed",
      "type": "yandex_dns_recordset",
      "name": "gitlab",
      "provider": "provider[\"registry.terraform.io/yandex-cloud/yandex\"]",
      "instances": [
        {
          "schema_version": 0,
          "attributes": {
            "data": [
              "51.250.71.118"
            ],
            "id": "dnsc7m9rq9o8fkntehad/gitlab.piataev.ru./A",
            "name": "gitlab.piataev.ru.",
            "timeouts": null,
            "ttl": 200,
            "type": "A",
            "zone_id": "dnsc7m9rq9o8fkntehad"
          },
          "sensitive_attributes": [],
          "private": "eyJlMmJmYjczMC1lY2FhLTExZTYtOGY4OC0zNDM2M2JjN2M0YzAiOnsiY3JlYXRlIjozMDAwMDAwMDAwMDAsImRlbGV0ZSI6MzAwMDAwMDAwMDAwLCJ1cGRhdGUiOjMwMDAwMDAwMDAwMH19",
          "dependencies": [
            "yandex_compute_instance.revers",
            "yandex_dns_zone.diplom",
            "yandex_vpc_network.diplom_net",
            "yandex_vpc_route_table.rt",
            "yandex_vpc_subnet.diplom_subnet"
          ]
        }
      ]
    },
    {
      "mode": "managed",
      "type": "yandex_dns_recordset",
      "name": "grafana",
      "provider": "provider[\"registry.terraform.io/yandex-cloud/yandex\"]",
      "instances": [
        {
          "schema_version": 0,
          "attributes": {
            "data": [
              "51.250.71.118"
            ],
            "id": "dnsc7m9rq9o8fkntehad/grafana.piataev.ru./A",
            "name": "grafana.piataev.ru.",
            "timeouts": null,
            "ttl": 200,
            "type": "A",
            "zone_id": "dnsc7m9rq9o8fkntehad"
          },
          "sensitive_attributes": [],
          "private": "eyJlMmJmYjczMC1lY2FhLTExZTYtOGY4OC0zNDM2M2JjN2M0YzAiOnsiY3JlYXRlIjozMDAwMDAwMDAwMDAsImRlbGV0ZSI6MzAwMDAwMDAwMDAwLCJ1cGRhdGUiOjMwMDAwMDAwMDAwMH19",
          "dependencies": [
            "yandex_compute_instance.revers",
            "yandex_dns_zone.diplom",
            "yandex_vpc_network.diplom_net",
            "yandex_vpc_route_table.rt",
            "yandex_vpc_subnet.diplom_subnet"
          ]
        }
      ]
    },
    {
      "mode": "managed",
      "type": "yandex_dns_recordset",
      "name": "prometheus",
      "provider": "provider[\"registry.terraform.io/yandex-cloud/yandex\"]",
      "instances": [
        {
          "schema_version": 0,
          "attributes": {
            "data": [
              "51.250.71.118"
            ],
            "id": "dnsc7m9rq9o8fkntehad/prometheus.piataev.ru./A",
            "name": "prometheus.piataev.ru.",
            "timeouts": null,
            "ttl": 200,
            "type": "A",
            "zone_id": "dnsc7m9rq9o8fkntehad"
          },
          "sensitive_attributes": [],
          "private": "eyJlMmJmYjczMC1lY2FhLTExZTYtOGY4OC0zNDM2M2JjN2M0YzAiOnsiY3JlYXRlIjozMDAwMDAwMDAwMDAsImRlbGV0ZSI6MzAwMDAwMDAwMDAwLCJ1cGRhdGUiOjMwMDAwMDAwMDAwMH19",
          "dependencies": [
            "yandex_compute_instance.revers",
            "yandex_dns_zone.diplom",
            "yandex_vpc_network.diplom_net",
            "yandex_vpc_route_table.rt",
            "yandex_vpc_subnet.diplom_subnet"
          ]
        }
      ]
    },
    {
      "mode": "managed",
      "type": "yandex_dns_recordset",
      "name": "rs1",
      "provider": "provider[\"registry.terraform.io/yandex-cloud/yandex\"]",
      "instances": [
        {
          "schema_version": 0,
          "attributes": {
            "data": [
              "51.250.71.118"
            ],
            "id": "dnsc7m9rq9o8fkntehad/@.piataev.ru./A",
            "name": "@.piataev.ru.",
            "timeouts": null,
            "ttl": 200,
            "type": "A",
            "zone_id": "dnsc7m9rq9o8fkntehad"
          },
          "sensitive_attributes": [],
          "private": "eyJlMmJmYjczMC1lY2FhLTExZTYtOGY4OC0zNDM2M2JjN2M0YzAiOnsiY3JlYXRlIjozMDAwMDAwMDAwMDAsImRlbGV0ZSI6MzAwMDAwMDAwMDAwLCJ1cGRhdGUiOjMwMDAwMDAwMDAwMH19",
          "dependencies": [
            "yandex_compute_instance.revers",
            "yandex_dns_zone.diplom",
            "yandex_vpc_network.diplom_net",
            "yandex_vpc_route_table.rt",
            "yandex_vpc_subnet.diplom_subnet"
          ]
        }
      ]
    },
    {
      "mode": "managed",
      "type": "yandex_dns_recordset",
      "name": "www",
      "provider": "provider[\"registry.terraform.io/yandex-cloud/yandex\"]",
      "instances": [
        {
          "schema_version": 0,
          "attributes": {
            "data": [
              "51.250.71.118"
            ],
            "id": "dnsc7m9rq9o8fkntehad/www.piataev.ru./A",
            "name": "www.piataev.ru.",
            "timeouts": null,
            "ttl": 200,
            "type": "A",
            "zone_id": "dnsc7m9rq9o8fkntehad"
          },
          "sensitive_attributes": [],
          "private": "eyJlMmJmYjczMC1lY2FhLTExZTYtOGY4OC0zNDM2M2JjN2M0YzAiOnsiY3JlYXRlIjozMDAwMDAwMDAwMDAsImRlbGV0ZSI6MzAwMDAwMDAwMDAwLCJ1cGRhdGUiOjMwMDAwMDAwMDAwMH19",
          "dependencies": [
            "yandex_compute_instance.revers",
            "yandex_dns_zone.diplom",
            "yandex_vpc_network.diplom_net",
            "yandex_vpc_route_table.rt",
            "yandex_vpc_subnet.diplom_subnet"
          ]
        }
      ]
    },
    {
      "mode": "managed",
      "type": "yandex_dns_zone",
      "name": "diplom",
      "provider": "provider[\"registry.terraform.io/yandex-cloud/yandex\"]",
      "instances": [
        {
          "schema_version": 0,
          "attributes": {
            "created_at": "2022-10-24T17:00:32Z",
            "description": "",
            "folder_id": "b1gf26b7li9k3rqpgasq",
            "id": "dnsc7m9rq9o8fkntehad",
            "labels": null,
            "name": "diplom",
            "private_networks": [],
            "public": true,
            "timeouts": null,
            "zone": "piataev.ru."
          },
          "sensitive_attributes": [],
          "private": "eyJlMmJmYjczMC1lY2FhLTExZTYtOGY4OC0zNDM2M2JjN2M0YzAiOnsiY3JlYXRlIjozMDAwMDAwMDAwMDAsImRlbGV0ZSI6MzAwMDAwMDAwMDAwLCJ1cGRhdGUiOjMwMDAwMDAwMDAwMH19",
          "dependencies": [
            "yandex_vpc_network.diplom_net",
            "yandex_vpc_route_table.rt",
            "yandex_vpc_subnet.diplom_subnet"
          ]
        }
      ]
    },
    {
      "mode": "managed",
      "type": "yandex_vpc_network",
      "name": "diplom_net",
      "provider": "provider[\"registry.terraform.io/yandex-cloud/yandex\"]",
      "instances": [
        {
          "schema_version": 0,
          "attributes": {
            "created_at": "2022-10-24T17:00:29Z",
            "default_security_group_id": "",
            "description": "",
            "folder_id": "b1gf26b7li9k3rqpgasq",
            "id": "enpsnku30qj270dhhi41",
            "labels": {},
            "name": "net",
            "subnet_ids": [],
            "timeouts": null
          },
          "sensitive_attributes": [],
          "private": "eyJlMmJmYjczMC1lY2FhLTExZTYtOGY4OC0zNDM2M2JjN2M0YzAiOnsiY3JlYXRlIjo2MDAwMDAwMDAwMCwiZGVsZXRlIjo2MDAwMDAwMDAwMCwidXBkYXRlIjo2MDAwMDAwMDAwMH19"
        }
      ]
    },
    {
      "mode": "managed",
      "type": "yandex_vpc_route_table",
      "name": "rt",
      "provider": "provider[\"registry.terraform.io/yandex-cloud/yandex\"]",
      "instances": [
        {
          "schema_version": 0,
          "attributes": {
            "created_at": "2022-10-24T17:00:30Z",
            "description": "",
            "folder_id": "b1gf26b7li9k3rqpgasq",
            "id": "enpdq5o0nt05aegab49v",
            "labels": {},
            "name": "",
            "network_id": "enpsnku30qj270dhhi41",
            "static_route": [
              {
                "destination_prefix": "0.0.0.0/0",
                "gateway_id": "",
                "next_hop_address": "192.168.101.11"
              }
            ],
            "timeouts": null
          },
          "sensitive_attributes": [],
          "private": "eyJlMmJmYjczMC1lY2FhLTExZTYtOGY4OC0zNDM2M2JjN2M0YzAiOnsiY3JlYXRlIjoxODAwMDAwMDAwMDAsImRlbGV0ZSI6MTgwMDAwMDAwMDAwLCJ1cGRhdGUiOjE4MDAwMDAwMDAwMH19",
          "dependencies": [
            "yandex_vpc_network.diplom_net"
          ]
        }
      ]
    },
    {
      "mode": "managed",
      "type": "yandex_vpc_subnet",
      "name": "diplom_subnet",
      "provider": "provider[\"registry.terraform.io/yandex-cloud/yandex\"]",
      "instances": [
        {
          "schema_version": 0,
          "attributes": {
            "created_at": "2022-10-24T17:00:31Z",
            "description": "",
            "dhcp_options": [],
            "folder_id": "b1gf26b7li9k3rqpgasq",
            "id": "e9bogass3tmfiftd87m6",
            "labels": {},
            "name": "subnet",
            "network_id": "enpsnku30qj270dhhi41",
            "route_table_id": "enpdq5o0nt05aegab49v",
            "timeouts": null,
            "v4_cidr_blocks": [
              "192.168.101.0/24"
            ],
            "v6_cidr_blocks": [],
            "zone": "ru-central1-a"
          },
          "sensitive_attributes": [],
          "private": "eyJlMmJmYjczMC1lY2FhLTExZTYtOGY4OC0zNDM2M2JjN2M0YzAiOnsiY3JlYXRlIjoxODAwMDAwMDAwMDAsImRlbGV0ZSI6MTgwMDAwMDAwMDAwLCJ1cGRhdGUiOjE4MDAwMDAwMDAwMH19",
          "dependencies": [
            "yandex_vpc_network.diplom_net",
            "yandex_vpc_route_table.rt"
          ]
        }
      ]
    }
  ],
  "check_results": []
}
